// !$*UTF8*$!
{
	archiveVersion = 1;
	classes = {
	};
	objectVersion = 56;
	objects = {

/* Begin PBXBuildFile section */
		1D5F141C2CBA4EC3007A308D /* SwiftUISlideMenuAnimApp.swift in Sources */ = {isa = PBXBuildFile; fileRef = 1D5F141B2CBA4EC3007A308D /* SwiftUISlideMenuAnimApp.swift */; };
		1D5F141E2CBA4EC3007A308D /* ContentView.swift in Sources */ = {isa = PBXBuildFile; fileRef = 1D5F141D2CBA4EC3007A308D /* ContentView.swift */; };
		1D5F14202CBA4EC4007A308D /* Assets.xcassets in Resources */ = {isa = PBXBuildFile; fileRef = 1D5F141F2CBA4EC4007A308D /* Assets.xcassets */; };
		1D5F14232CBA4EC4007A308D /* Preview Assets.xcassets in Resources */ = {isa = PBXBuildFile; fileRef = 1D5F14222CBA4EC4007A308D /* Preview Assets.xcassets */; };
		1D5F142D2CBA4EC4007A308D /* SwiftUISlideMenuAnimTests.swift in Sources */ = {isa = PBXBuildFile; fileRef = 1D5F142C2CBA4EC4007A308D /* SwiftUISlideMenuAnimTests.swift */; };
		1D5F14372CBA4EC4007A308D /* SwiftUISlideMenuAnimUITests.swift in Sources */ = {isa = PBXBuildFile; fileRef = 1D5F14362CBA4EC4007A308D /* SwiftUISlideMenuAnimUITests.swift */; };
		1D5F14392CBA4EC4007A308D /* SwiftUISlideMenuAnimUITestsLaunchTests.swift in Sources */ = {isa = PBXBuildFile; fileRef = 1D5F14382CBA4EC4007A308D /* SwiftUISlideMenuAnimUITestsLaunchTests.swift */; };
		1D5F14462CBA4F1A007A308D /* ContainerView.swift in Sources */ = {isa = PBXBuildFile; fileRef = 1D5F14452CBA4F1A007A308D /* ContainerView.swift */; };
		1D5F14482CBA4F41007A308D /* SideMenuView.swift in Sources */ = {isa = PBXBuildFile; fileRef = 1D5F14472CBA4F41007A308D /* SideMenuView.swift */; };
		1D5F144D2CBA6E9C007A308D /* ToolbarView.swift in Sources */ = {isa = PBXBuildFile; fileRef = 1D5F144C2CBA6E9C007A308D /* ToolbarView.swift */; };
		1D5F144F2CBAAA14007A308D /* AppConstants.swift in Sources */ = {isa = PBXBuildFile; fileRef = 1D5F144E2CBAAA14007A308D /* AppConstants.swift */; };
		1D5F14522CBAAA46007A308D /* MenuRowType.swift in Sources */ = {isa = PBXBuildFile; fileRef = 1D5F14512CBAAA46007A308D /* MenuRowType.swift */; };
/* End PBXBuildFile section */

/* Begin PBXContainerItemProxy section */
		1D5F14292CBA4EC4007A308D /* PBXContainerItemProxy */ = {
			isa = PBXContainerItemProxy;
			containerPortal = 1D5F14102CBA4EC3007A308D /* Project object */;
			proxyType = 1;
			remoteGlobalIDString = 1D5F14172CBA4EC3007A308D;
			remoteInfo = SwiftUISlideMenuAnim;
		};
		1D5F14332CBA4EC4007A308D /* PBXContainerItemProxy */ = {
			isa = PBXContainerItemProxy;
			containerPortal = 1D5F14102CBA4EC3007A308D /* Project object */;
			proxyType = 1;
			remoteGlobalIDString = 1D5F14172CBA4EC3007A308D;
			remoteInfo = SwiftUISlideMenuAnim;
		};
/* End PBXContainerItemProxy section */

/* Begin PBXFileReference section */
		1D5F14182CBA4EC3007A308D /* SwiftUISlideMenuAnim.app */ = {isa = PBXFileReference; explicitFileType = wrapper.application; includeInIndex = 0; path = SwiftUISlideMenuAnim.app; sourceTree = BUILT_PRODUCTS_DIR; };
		1D5F141B2CBA4EC3007A308D /* SwiftUISlideMenuAnimApp.swift */ = {isa = PBXFileReference; lastKnownFileType = sourcecode.swift; path = SwiftUISlideMenuAnimApp.swift; sourceTree = "<group>"; };
		1D5F141D2CBA4EC3007A308D /* ContentView.swift */ = {isa = PBXFileReference; lastKnownFileType = sourcecode.swift; path = ContentView.swift; sourceTree = "<group>"; };
		1D5F141F2CBA4EC4007A308D /* Assets.xcassets */ = {isa = PBXFileReference; lastKnownFileType = folder.assetcatalog; path = Assets.xcassets; sourceTree = "<group>"; };
		1D5F14222CBA4EC4007A308D /* Preview Assets.xcassets */ = {isa = PBXFileReference; lastKnownFileType = folder.assetcatalog; path = "Preview Assets.xcassets"; sourceTree = "<group>"; };
		1D5F14282CBA4EC4007A308D /* SwiftUISlideMenuAnimTests.xctest */ = {isa = PBXFileReference; explicitFileType = wrapper.cfbundle; includeInIndex = 0; path = SwiftUISlideMenuAnimTests.xctest; sourceTree = BUILT_PRODUCTS_DIR; };
		1D5F142C2CBA4EC4007A308D /* SwiftUISlideMenuAnimTests.swift */ = {isa = PBXFileReference; lastKnownFileType = sourcecode.swift; path = SwiftUISlideMenuAnimTests.swift; sourceTree = "<group>"; };
		1D5F14322CBA4EC4007A308D /* SwiftUISlideMenuAnimUITests.xctest */ = {isa = PBXFileReference; explicitFileType = wrapper.cfbundle; includeInIndex = 0; path = SwiftUISlideMenuAnimUITests.xctest; sourceTree = BUILT_PRODUCTS_DIR; };
		1D5F14362CBA4EC4007A308D /* SwiftUISlideMenuAnimUITests.swift */ = {isa = PBXFileReference; lastKnownFileType = sourcecode.swift; path = SwiftUISlideMenuAnimUITests.swift; sourceTree = "<group>"; };
		1D5F14382CBA4EC4007A308D /* SwiftUISlideMenuAnimUITestsLaunchTests.swift */ = {isa = PBXFileReference; lastKnownFileType = sourcecode.swift; path = SwiftUISlideMenuAnimUITestsLaunchTests.swift; sourceTree = "<group>"; };
		1D5F14452CBA4F1A007A308D /* ContainerView.swift */ = {isa = PBXFileReference; lastKnownFileType = sourcecode.swift; path = ContainerView.swift; sourceTree = "<group>"; };
		1D5F14472CBA4F41007A308D /* SideMenuView.swift */ = {isa = PBXFileReference; lastKnownFileType = sourcecode.swift; path = SideMenuView.swift; sourceTree = "<group>"; };
		1D5F144C2CBA6E9C007A308D /* ToolbarView.swift */ = {isa = PBXFileReference; lastKnownFileType = sourcecode.swift; path = ToolbarView.swift; sourceTree = "<group>"; };
		1D5F144E2CBAAA14007A308D /* AppConstants.swift */ = {isa = PBXFileReference; lastKnownFileType = sourcecode.swift; path = AppConstants.swift; sourceTree = "<group>"; };
		1D5F14512CBAAA46007A308D /* MenuRowType.swift */ = {isa = PBXFileReference; lastKnownFileType = sourcecode.swift; path = MenuRowType.swift; sourceTree = "<group>"; };
/* End PBXFileReference section */

/* Begin PBXFrameworksBuildPhase section */
		1D5F14152CBA4EC3007A308D /* Frameworks */ = {
			isa = PBXFrameworksBuildPhase;
			buildActionMask = 2147483647;
			files = (
			);
			runOnlyForDeploymentPostprocessing = 0;
		};
		1D5F14252CBA4EC4007A308D /* Frameworks */ = {
			isa = PBXFrameworksBuildPhase;
			buildActionMask = 2147483647;
			files = (
			);
			runOnlyForDeploymentPostprocessing = 0;
		};
		1D5F142F2CBA4EC4007A308D /* Frameworks */ = {
			isa = PBXFrameworksBuildPhase;
			buildActionMask = 2147483647;
			files = (
			);
			runOnlyForDeploymentPostprocessing = 0;
		};
/* End PBXFrameworksBuildPhase section */

/* Begin PBXGroup section */
		1D5F140F2CBA4EC3007A308D = {
			isa = PBXGroup;
			children = (
				1D5F141A2CBA4EC3007A308D /* SwiftUISlideMenuAnim */,
				1D5F142B2CBA4EC4007A308D /* SwiftUISlideMenuAnimTests */,
				1D5F14352CBA4EC4007A308D /* SwiftUISlideMenuAnimUITests */,
				1D5F14192CBA4EC3007A308D /* Products */,
			);
			sourceTree = "<group>";
		};
		1D5F14192CBA4EC3007A308D /* Products */ = {
			isa = PBXGroup;
			children = (
				1D5F14182CBA4EC3007A308D /* SwiftUISlideMenuAnim.app */,
				1D5F14282CBA4EC4007A308D /* SwiftUISlideMenuAnimTests.xctest */,
				1D5F14322CBA4EC4007A308D /* SwiftUISlideMenuAnimUITests.xctest */,
			);
			name = Products;
			sourceTree = "<group>";
		};
		1D5F141A2CBA4EC3007A308D /* SwiftUISlideMenuAnim */ = {
			isa = PBXGroup;
			children = (
				1D5F14502CBAAA25007A308D /* Menus */,
				1D5F144B2CBA6E7B007A308D /* Views */,
				1D5F141B2CBA4EC3007A308D /* SwiftUISlideMenuAnimApp.swift */,
				1D5F141D2CBA4EC3007A308D /* ContentView.swift */,
				1D5F141F2CBA4EC4007A308D /* Assets.xcassets */,
				1D5F14212CBA4EC4007A308D /* Preview Content */,
				1D5F14452CBA4F1A007A308D /* ContainerView.swift */,
				1D5F14472CBA4F41007A308D /* SideMenuView.swift */,
				1D5F144E2CBAAA14007A308D /* AppConstants.swift */,
			);
			path = SwiftUISlideMenuAnim;
			sourceTree = "<group>";
		};
		1D5F14212CBA4EC4007A308D /* Preview Content */ = {
			isa = PBXGroup;
			children = (
				1D5F14222CBA4EC4007A308D /* Preview Assets.xcassets */,
			);
			path = "Preview Content";
			sourceTree = "<group>";
		};
		1D5F142B2CBA4EC4007A308D /* SwiftUISlideMenuAnimTests */ = {
			isa = PBXGroup;
			children = (
				1D5F142C2CBA4EC4007A308D /* SwiftUISlideMenuAnimTests.swift */,
			);
			path = SwiftUISlideMenuAnimTests;
			sourceTree = "<group>";
		};
		1D5F14352CBA4EC4007A308D /* SwiftUISlideMenuAnimUITests */ = {
			isa = PBXGroup;
			children = (
				1D5F14362CBA4EC4007A308D /* SwiftUISlideMenuAnimUITests.swift */,
				1D5F14382CBA4EC4007A308D /* SwiftUISlideMenuAnimUITestsLaunchTests.swift */,
			);
			path = SwiftUISlideMenuAnimUITests;
			sourceTree = "<group>";
		};
		1D5F144B2CBA6E7B007A308D /* Views */ = {
			isa = PBXGroup;
			children = (
				1D5F144C2CBA6E9C007A308D /* ToolbarView.swift */,
			);
			path = Views;
			sourceTree = "<group>";
		};
		1D5F14502CBAAA25007A308D /* Menus */ = {
			isa = PBXGroup;
			children = (
				1D5F14512CBAAA46007A308D /* MenuRowType.swift */,
			);
			path = Menus;
			sourceTree = "<group>";
		};
/* End PBXGroup section */

/* Begin PBXNativeTarget section */
		1D5F14172CBA4EC3007A308D /* SwiftUISlideMenuAnim */ = {
			isa = PBXNativeTarget;
			buildConfigurationList = 1D5F143C2CBA4EC4007A308D /* Build configuration list for PBXNativeTarget "SwiftUISlideMenuAnim" */;
			buildPhases = (
				1D5F14142CBA4EC3007A308D /* Sources */,
				1D5F14152CBA4EC3007A308D /* Frameworks */,
				1D5F14162CBA4EC3007A308D /* Resources */,
			);
			buildRules = (
			);
			dependencies = (
			);
			name = SwiftUISlideMenuAnim;
			productName = SwiftUISlideMenuAnim;
			productReference = 1D5F14182CBA4EC3007A308D /* SwiftUISlideMenuAnim.app */;
			productType = "com.apple.product-type.application";
		};
		1D5F14272CBA4EC4007A308D /* SwiftUISlideMenuAnimTests */ = {
			isa = PBXNativeTarget;
			buildConfigurationList = 1D5F143F2CBA4EC4007A308D /* Build configuration list for PBXNativeTarget "SwiftUISlideMenuAnimTests" */;
			buildPhases = (
				1D5F14242CBA4EC4007A308D /* Sources */,
				1D5F14252CBA4EC4007A308D /* Frameworks */,
				1D5F14262CBA4EC4007A308D /* Resources */,
			);
			buildRules = (
			);
			dependencies = (
				1D5F142A2CBA4EC4007A308D /* PBXTargetDependency */,
			);
			name = SwiftUISlideMenuAnimTests;
			productName = SwiftUISlideMenuAnimTests;
			productReference = 1D5F14282CBA4EC4007A308D /* SwiftUISlideMenuAnimTests.xctest */;
			productType = "com.apple.product-type.bundle.unit-test";
		};
		1D5F14312CBA4EC4007A308D /* SwiftUISlideMenuAnimUITests */ = {
			isa = PBXNativeTarget;
			buildConfigurationList = 1D5F14422CBA4EC4007A308D /* Build configuration list for PBXNativeTarget "SwiftUISlideMenuAnimUITests" */;
			buildPhases = (
				1D5F142E2CBA4EC4007A308D /* Sources */,
				1D5F142F2CBA4EC4007A308D /* Frameworks */,
				1D5F14302CBA4EC4007A308D /* Resources */,
			);
			buildRules = (
			);
			dependencies = (
				1D5F14342CBA4EC4007A308D /* PBXTargetDependency */,
			);
			name = SwiftUISlideMenuAnimUITests;
			productName = SwiftUISlideMenuAnimUITests;
			productReference = 1D5F14322CBA4EC4007A308D /* SwiftUISlideMenuAnimUITests.xctest */;
			productType = "com.apple.product-type.bundle.ui-testing";
		};
/* End PBXNativeTarget section */

/* Begin PBXProject section */
		1D5F14102CBA4EC3007A308D /* Project object */ = {
			isa = PBXProject;
			attributes = {
				BuildIndependentTargetsInParallel = 1;
				LastSwiftUpdateCheck = 1540;
				LastUpgradeCheck = 1540;
				TargetAttributes = {
					1D5F14172CBA4EC3007A308D = {
						CreatedOnToolsVersion = 15.4;
					};
					1D5F14272CBA4EC4007A308D = {
						CreatedOnToolsVersion = 15.4;
						TestTargetID = 1D5F14172CBA4EC3007A308D;
					};
					1D5F14312CBA4EC4007A308D = {
						CreatedOnToolsVersion = 15.4;
						TestTargetID = 1D5F14172CBA4EC3007A308D;
					};
				};
			};
			buildConfigurationList = 1D5F14132CBA4EC3007A308D /* Build configuration list for PBXProject "SwiftUISlideMenuAnim" */;
			compatibilityVersion = "Xcode 14.0";
			developmentRegion = en;
			hasScannedForEncodings = 0;
			knownRegions = (
				en,
				Base,
			);
			mainGroup = 1D5F140F2CBA4EC3007A308D;
			productRefGroup = 1D5F14192CBA4EC3007A308D /* Products */;
			projectDirPath = "";
			projectRoot = "";
			targets = (
				1D5F14172CBA4EC3007A308D /* SwiftUISlideMenuAnim */,
				1D5F14272CBA4EC4007A308D /* SwiftUISlideMenuAnimTests */,
				1D5F14312CBA4EC4007A308D /* SwiftUISlideMenuAnimUITests */,
			);
		};
/* End PBXProject section */

/* Begin PBXResourcesBuildPhase section */
		1D5F14162CBA4EC3007A308D /* Resources */ = {
			isa = PBXResourcesBuildPhase;
			buildActionMask = 2147483647;
			files = (
				1D5F14232CBA4EC4007A308D /* Preview Assets.xcassets in Resources */,
				1D5F14202CBA4EC4007A308D /* Assets.xcassets in Resources */,
			);
			runOnlyForDeploymentPostprocessing = 0;
		};
		1D5F14262CBA4EC4007A308D /* Resources */ = {
			isa = PBXResourcesBuildPhase;
			buildActionMask = 2147483647;
			files = (
			);
			runOnlyForDeploymentPostprocessing = 0;
		};
		1D5F14302CBA4EC4007A308D /* Resources */ = {
			isa = PBXResourcesBuildPhase;
			buildActionMask = 2147483647;
			files = (
			);
			runOnlyForDeploymentPostprocessing = 0;
		};
/* End PBXResourcesBuildPhase section */

/* Begin PBXSourcesBuildPhase section */
		1D5F14142CBA4EC3007A308D /* Sources */ = {
			isa = PBXSourcesBuildPhase;
			buildActionMask = 2147483647;
			files = (
				1D5F14462CBA4F1A007A308D /* ContainerView.swift in Sources */,
				1D5F144D2CBA6E9C007A308D /* ToolbarView.swift in Sources */,
				1D5F14522CBAAA46007A308D /* MenuRowType.swift in Sources */,
				1D5F141E2CBA4EC3007A308D /* ContentView.swift in Sources */,
				1D5F144F2CBAAA14007A308D /* AppConstants.swift in Sources */,
				1D5F14482CBA4F41007A308D /* SideMenuView.swift in Sources */,
				1D5F141C2CBA4EC3007A308D /* SwiftUISlideMenuAnimApp.swift in Sources */,
			);
			runOnlyForDeploymentPostprocessing = 0;
		};
		1D5F14242CBA4EC4007A308D /* Sources */ = {
			isa = PBXSourcesBuildPhase;
			buildActionMask = 2147483647;
			files = (
				1D5F142D2CBA4EC4007A308D /* SwiftUISlideMenuAnimTests.swift in Sources */,
			);
			runOnlyForDeploymentPostprocessing = 0;
		};
		1D5F142E2CBA4EC4007A308D /* Sources */ = {
			isa = PBXSourcesBuildPhase;
			buildActionMask = 2147483647;
			files = (
				1D5F14392CBA4EC4007A308D /* SwiftUISlideMenuAnimUITestsLaunchTests.swift in Sources */,
				1D5F14372CBA4EC4007A308D /* SwiftUISlideMenuAnimUITests.swift in Sources */,
			);
			runOnlyForDeploymentPostprocessing = 0;
		};
/* End PBXSourcesBuildPhase section */

/* Begin PBXTargetDependency section */
		1D5F142A2CBA4EC4007A308D /* PBXTargetDependency */ = {
			isa = PBXTargetDependency;
			target = 1D5F14172CBA4EC3007A308D /* SwiftUISlideMenuAnim */;
			targetProxy = 1D5F14292CBA4EC4007A308D /* PBXContainerItemProxy */;
		};
		1D5F14342CBA4EC4007A308D /* PBXTargetDependency */ = {
			isa = PBXTargetDependency;
			target = 1D5F14172CBA4EC3007A308D /* SwiftUISlideMenuAnim */;
			targetProxy = 1D5F14332CBA4EC4007A308D /* PBXContainerItemProxy */;
		};
/* End PBXTargetDependency section */

/* Begin XCBuildConfiguration section */
		1D5F143A2CBA4EC4007A308D /* Debug */ = {
			isa = XCBuildConfiguration;
			buildSettings = {
				ALWAYS_SEARCH_USER_PATHS = NO;
				ASSETCATALOG_COMPILER_GENERATE_SWIFT_ASSET_SYMBOL_EXTENSIONS = YES;
				CLANG_ANALYZER_NONNULL = YES;
				CLANG_ANALYZER_NUMBER_OBJECT_CONVERSION = YES_AGGRESSIVE;
				CLANG_CXX_LANGUAGE_STANDARD = "gnu++20";
				CLANG_ENABLE_MODULES = YES;
				CLANG_ENABLE_OBJC_ARC = YES;
				CLANG_ENABLE_OBJC_WEAK = YES;
				CLANG_WARN_BLOCK_CAPTURE_AUTORELEASING = YES;
				CLANG_WARN_BOOL_CONVERSION = YES;
				CLANG_WARN_COMMA = YES;
				CLANG_WARN_CONSTANT_CONVERSION = YES;
				CLANG_WARN_DEPRECATED_OBJC_IMPLEMENTATIONS = YES;
				CLANG_WARN_DIRECT_OBJC_ISA_USAGE = YES_ERROR;
				CLANG_WARN_DOCUMENTATION_COMMENTS = YES;
				CLANG_WARN_EMPTY_BODY = YES;
				CLANG_WARN_ENUM_CONVERSION = YES;
				CLANG_WARN_INFINITE_RECURSION = YES;
				CLANG_WARN_INT_CONVERSION = YES;
				CLANG_WARN_NON_LITERAL_NULL_CONVERSION = YES;
				CLANG_WARN_OBJC_IMPLICIT_RETAIN_SELF = YES;
				CLANG_WARN_OBJC_LITERAL_CONVERSION = YES;
				CLANG_WARN_OBJC_ROOT_CLASS = YES_ERROR;
				CLANG_WARN_QUOTED_INCLUDE_IN_FRAMEWORK_HEADER = YES;
				CLANG_WARN_RANGE_LOOP_ANALYSIS = YES;
				CLANG_WARN_STRICT_PROTOTYPES = YES;
				CLANG_WARN_SUSPICIOUS_MOVE = YES;
				CLANG_WARN_UNGUARDED_AVAILABILITY = YES_AGGRESSIVE;
				CLANG_WARN_UNREACHABLE_CODE = YES;
				CLANG_WARN__DUPLICATE_METHOD_MATCH = YES;
				COPY_PHASE_STRIP = NO;
				DEBUG_INFORMATION_FORMAT = dwarf;
				ENABLE_STRICT_OBJC_MSGSEND = YES;
				ENABLE_TESTABILITY = YES;
				ENABLE_USER_SCRIPT_SANDBOXING = YES;
				GCC_C_LANGUAGE_STANDARD = gnu17;
				GCC_DYNAMIC_NO_PIC = NO;
				GCC_NO_COMMON_BLOCKS = YES;
				GCC_OPTIMIZATION_LEVEL = 0;
				GCC_PREPROCESSOR_DEFINITIONS = (
					"DEBUG=1",
					"$(inherited)",
				);
				GCC_WARN_64_TO_32_BIT_CONVERSION = YES;
				GCC_WARN_ABOUT_RETURN_TYPE = YES_ERROR;
				GCC_WARN_UNDECLARED_SELECTOR = YES;
				GCC_WARN_UNINITIALIZED_AUTOS = YES_AGGRESSIVE;
				GCC_WARN_UNUSED_FUNCTION = YES;
				GCC_WARN_UNUSED_VARIABLE = YES;
				IPHONEOS_DEPLOYMENT_TARGET = 17.5;
				LOCALIZATION_PREFERS_STRING_CATALOGS = YES;
				MTL_ENABLE_DEBUG_INFO = INCLUDE_SOURCE;
				MTL_FAST_MATH = YES;
				ONLY_ACTIVE_ARCH = YES;
				SDKROOT = iphoneos;
				SWIFT_ACTIVE_COMPILATION_CONDITIONS = "DEBUG $(inherited)";
				SWIFT_OPTIMIZATION_LEVEL = "-Onone";
			};
			name = Debug;
		};
		1D5F143B2CBA4EC4007A308D /* Release */ = {
			isa = XCBuildConfiguration;
			buildSettings = {
				ALWAYS_SEARCH_USER_PATHS = NO;
				ASSETCATALOG_COMPILER_GENERATE_SWIFT_ASSET_SYMBOL_EXTENSIONS = YES;
				CLANG_ANALYZER_NONNULL = YES;
				CLANG_ANALYZER_NUMBER_OBJECT_CONVERSION = YES_AGGRESSIVE;
				CLANG_CXX_LANGUAGE_STANDARD = "gnu++20";
				CLANG_ENABLE_MODULES = YES;
				CLANG_ENABLE_OBJC_ARC = YES;
				CLANG_ENABLE_OBJC_WEAK = YES;
				CLANG_WARN_BLOCK_CAPTURE_AUTORELEASING = YES;
				CLANG_WARN_BOOL_CONVERSION = YES;
				CLANG_WARN_COMMA = YES;
				CLANG_WARN_CONSTANT_CONVERSION = YES;
				CLANG_WARN_DEPRECATED_OBJC_IMPLEMENTATIONS = YES;
				CLANG_WARN_DIRECT_OBJC_ISA_USAGE = YES_ERROR;
				CLANG_WARN_DOCUMENTATION_COMMENTS = YES;
				CLANG_WARN_EMPTY_BODY = YES;
				CLANG_WARN_ENUM_CONVERSION = YES;
				CLANG_WARN_INFINITE_RECURSION = YES;
				CLANG_WARN_INT_CONVERSION = YES;
				CLANG_WARN_NON_LITERAL_NULL_CONVERSION = YES;
				CLANG_WARN_OBJC_IMPLICIT_RETAIN_SELF = YES;
				CLANG_WARN_OBJC_LITERAL_CONVERSION = YES;
				CLANG_WARN_OBJC_ROOT_CLASS = YES_ERROR;
				CLANG_WARN_QUOTED_INCLUDE_IN_FRAMEWORK_HEADER = YES;
				CLANG_WARN_RANGE_LOOP_ANALYSIS = YES;
				CLANG_WARN_STRICT_PROTOTYPES = YES;
				CLANG_WARN_SUSPICIOUS_MOVE = YES;
				CLANG_WARN_UNGUARDED_AVAILABILITY = YES_AGGRESSIVE;
				CLANG_WARN_UNREACHABLE_CODE = YES;
				CLANG_WARN__DUPLICATE_METHOD_MATCH = YES;
				COPY_PHASE_STRIP = NO;
				DEBUG_INFORMATION_FORMAT = "dwarf-with-dsym";
				ENABLE_NS_ASSERTIONS = NO;
				ENABLE_STRICT_OBJC_MSGSEND = YES;
				ENABLE_USER_SCRIPT_SANDBOXING = YES;
				GCC_C_LANGUAGE_STANDARD = gnu17;
				GCC_NO_COMMON_BLOCKS = YES;
				GCC_WARN_64_TO_32_BIT_CONVERSION = YES;
				GCC_WARN_ABOUT_RETURN_TYPE = YES_ERROR;
				GCC_WARN_UNDECLARED_SELECTOR = YES;
				GCC_WARN_UNINITIALIZED_AUTOS = YES_AGGRESSIVE;
				GCC_WARN_UNUSED_FUNCTION = YES;
				GCC_WARN_UNUSED_VARIABLE = YES;
				IPHONEOS_DEPLOYMENT_TARGET = 17.5;
				LOCALIZATION_PREFERS_STRING_CATALOGS = YES;
				MTL_ENABLE_DEBUG_INFO = NO;
				MTL_FAST_MATH = YES;
				SDKROOT = iphoneos;
				SWIFT_COMPILATION_MODE = wholemodule;
				VALIDATE_PRODUCT = YES;
			};
			name = Release;
		};
		1D5F143D2CBA4EC4007A308D /* Debug */ = {
			isa = XCBuildConfiguration;
			buildSettings = {
				ASSETCATALOG_COMPILER_APPICON_NAME = AppIcon;
				ASSETCATALOG_COMPILER_GLOBAL_ACCENT_COLOR_NAME = AccentColor;
				CODE_SIGN_STYLE = Automatic;
				CURRENT_PROJECT_VERSION = 1;
				DEVELOPMENT_ASSET_PATHS = "\"SwiftUISlideMenuAnim/Preview Content\"";
				ENABLE_PREVIEWS = YES;
				GENERATE_INFOPLIST_FILE = YES;
				INFOPLIST_KEY_UIApplicationSceneManifest_Generation = YES;
				INFOPLIST_KEY_UIApplicationSupportsIndirectInputEvents = YES;
				INFOPLIST_KEY_UILaunchScreen_Generation = YES;
				INFOPLIST_KEY_UISupportedInterfaceOrientations_iPad = "UIInterfaceOrientationPortrait UIInterfaceOrientationPortraitUpsideDown UIInterfaceOrientationLandscapeLeft UIInterfaceOrientationLandscapeRight";
				INFOPLIST_KEY_UISupportedInterfaceOrientations_iPhone = "UIInterfaceOrientationPortrait UIInterfaceOrientationLandscapeLeft UIInterfaceOrientationLandscapeRight";
				LD_RUNPATH_SEARCH_PATHS = (
					"$(inherited)",
					"@executable_path/Frameworks",
				);
				MARKETING_VERSION = 1.0;
				PRODUCT_BUNDLE_IDENTIFIER = com.ios4you.SwiftUISlideMenuAnim;
				PRODUCT_NAME = "$(TARGET_NAME)";
				SWIFT_EMIT_LOC_STRINGS = YES;
				SWIFT_VERSION = 5.0;
				TARGETED_DEVICE_FAMILY = "1,2";
			};
			name = Debug;
		};
		1D5F143E2CBA4EC4007A308D /* Release */ = {
			isa = XCBuildConfiguration;
			buildSettings = {
				ASSETCATALOG_COMPILER_APPICON_NAME = AppIcon;
				ASSETCATALOG_COMPILER_GLOBAL_ACCENT_COLOR_NAME = AccentColor;
				CODE_SIGN_STYLE = Automatic;
				CURRENT_PROJECT_VERSION = 1;
				DEVELOPMENT_ASSET_PATHS = "\"SwiftUISlideMenuAnim/Preview Content\"";
				ENABLE_PREVIEWS = YES;
				GENERATE_INFOPLIST_FILE = YES;
				INFOPLIST_KEY_UIApplicationSceneManifest_Generation = YES;
				INFOPLIST_KEY_UIApplicationSupportsIndirectInputEvents = YES;
				INFOPLIST_KEY_UILaunchScreen_Generation = YES;
				INFOPLIST_KEY_UISupportedInterfaceOrientations_iPad = "UIInterfaceOrientationPortrait UIInterfaceOrientationPortraitUpsideDown UIInterfaceOrientationLandscapeLeft UIInterfaceOrientationLandscapeRight";
				INFOPLIST_KEY_UISupportedInterfaceOrientations_iPhone = "UIInterfaceOrientationPortrait UIInterfaceOrientationLandscapeLeft UIInterfaceOrientationLandscapeRight";
				LD_RUNPATH_SEARCH_PATHS = (
					"$(inherited)",
					"@executable_path/Frameworks",
				);
				MARKETING_VERSION = 1.0;
				PRODUCT_BUNDLE_IDENTIFIER = com.ios4you.SwiftUISlideMenuAnim;
				PRODUCT_NAME = "$(TARGET_NAME)";
				SWIFT_EMIT_LOC_STRINGS = YES;
				SWIFT_VERSION = 5.0;
				TARGETED_DEVICE_FAMILY = "1,2";
			};
			name = Release;
		};
		1D5F14402CBA4EC4007A308D /* Debug */ = {
			isa = XCBuildConfiguration;
			buildSettings = {
				ALWAYS_EMBED_SWIFT_STANDARD_LIBRARIES = YES;
				BUNDLE_LOADER = "$(TEST_HOST)";
				CODE_SIGN_STYLE = Automatic;
				CURRENT_PROJECT_VERSION = 1;
				GENERATE_INFOPLIST_FILE = YES;
				IPHONEOS_DEPLOYMENT_TARGET = 17.5;
				MARKETING_VERSION = 1.0;
				PRODUCT_BUNDLE_IDENTIFIER = com.ios4you.SwiftUISlideMenuAnimTests;
				PRODUCT_NAME = "$(TARGET_NAME)";
				SWIFT_EMIT_LOC_STRINGS = NO;
				SWIFT_VERSION = 5.0;
				TARGETED_DEVICE_FAMILY = "1,2";
				TEST_HOST = "$(BUILT_PRODUCTS_DIR)/SwiftUISlideMenuAnim.app/$(BUNDLE_EXECUTABLE_FOLDER_PATH)/SwiftUISlideMenuAnim";
			};
			name = Debug;
		};
		1D5F14412CBA4EC4007A308D /* Release */ = {
			isa = XCBuildConfiguration;
			buildSettings = {
				ALWAYS_EMBED_SWIFT_STANDARD_LIBRARIES = YES;
				BUNDLE_LOADER = "$(TEST_HOST)";
				CODE_SIGN_STYLE = Automatic;
				CURRENT_PROJECT_VERSION = 1;
				GENERATE_INFOPLIST_FILE = YES;
				IPHONEOS_DEPLOYMENT_TARGET = 17.5;
				MARKETING_VERSION = 1.0;
				PRODUCT_BUNDLE_IDENTIFIER = com.ios4you.SwiftUISlideMenuAnimTests;
				PRODUCT_NAME = "$(TARGET_NAME)";
				SWIFT_EMIT_LOC_STRINGS = NO;
				SWIFT_VERSION = 5.0;
				TARGETED_DEVICE_FAMILY = "1,2";
				TEST_HOST = "$(BUILT_PRODUCTS_DIR)/SwiftUISlideMenuAnim.app/$(BUNDLE_EXECUTABLE_FOLDER_PATH)/SwiftUISlideMenuAnim";
			};
			name = Release;
		};
		1D5F14432CBA4EC4007A308D /* Debug */ = {
			isa = XCBuildConfiguration;
			buildSettings = {
				ALWAYS_EMBED_SWIFT_STANDARD_LIBRARIES = YES;
				CODE_SIGN_STYLE = Automatic;
				CURRENT_PROJECT_VERSION = 1;
				GENERATE_INFOPLIST_FILE = YES;
				MARKETING_VERSION = 1.0;
				PRODUCT_BUNDLE_IDENTIFIER = com.ios4you.SwiftUISlideMenuAnimUITests;
				PRODUCT_NAME = "$(TARGET_NAME)";
				SWIFT_EMIT_LOC_STRINGS = NO;
				SWIFT_VERSION = 5.0;
				TARGETED_DEVICE_FAMILY = "1,2";
				TEST_TARGET_NAME = SwiftUISlideMenuAnim;
			};
			name = Debug;
		};
		1D5F14442CBA4EC4007A308D /* Release */ = {
			isa = XCBuildConfiguration;
			buildSettings = {
				ALWAYS_EMBED_SWIFT_STANDARD_LIBRARIES = YES;
				CODE_SIGN_STYLE = Automatic;
				CURRENT_PROJECT_VERSION = 1;
				GENERATE_INFOPLIST_FILE = YES;
				MARKETING_VERSION = 1.0;
				PRODUCT_BUNDLE_IDENTIFIER = com.ios4you.SwiftUISlideMenuAnimUITests;
				PRODUCT_NAME = "$(TARGET_NAME)";
				SWIFT_EMIT_LOC_STRINGS = NO;
				SWIFT_VERSION = 5.0;
				TARGETED_DEVICE_FAMILY = "1,2";
				TEST_TARGET_NAME = SwiftUISlideMenuAnim;
			};
			name = Release;
		};
/* End XCBuildConfiguration section */

/* Begin XCConfigurationList section */
		1D5F14132CBA4EC3007A308D /* Build configuration list for PBXProject "SwiftUISlideMenuAnim" */ = {
			isa = XCConfigurationList;
			buildConfigurations = (
				1D5F143A2CBA4EC4007A308D /* Debug */,
				1D5F143B2CBA4EC4007A308D /* Release */,
			);
			defaultConfigurationIsVisible = 0;
			defaultConfigurationName = Release;
		};
		1D5F143C2CBA4EC4007A308D /* Build configuration list for PBXNativeTarget "SwiftUISlideMenuAnim" */ = {
			isa = XCConfigurationList;
			buildConfigurations = (
				1D5F143D2CBA4EC4007A308D /* Debug */,
				1D5F143E2CBA4EC4007A308D /* Release */,
			);
			defaultConfigurationIsVisible = 0;
			defaultConfigurationName = Release;
		};
		1D5F143F2CBA4EC4007A308D /* Build configuration list for PBXNativeTarget "SwiftUISlideMenuAnimTests" */ = {
			isa = XCConfigurationList;
			buildConfigurations = (
				1D5F14402CBA4EC4007A308D /* Debug */,
				1D5F14412CBA4EC4007A308D /* Release */,
			);
			defaultConfigurationIsVisible = 0;
			defaultConfigurationName = Release;
		};
		1D5F14422CBA4EC4007A308D /* Build configuration list for PBXNativeTarget "SwiftUISlideMenuAnimUITests" */ = {
			isa = XCConfigurationList;
			buildConfigurations = (
				1D5F14432CBA4EC4007A308D /* Debug */,
				1D5F14442CBA4EC4007A308D /* Release */,
			);
			defaultConfigurationIsVisible = 0;
			defaultConfigurationName = Release;
		};
/* End XCConfigurationList section */
	};
	rootObject = 1D5F14102CBA4EC3007A308D /* Project object */;
}
